
Microsoft Visual Studio Solution File, Format Version 12.00
# Visual Studio 15
VisualStudioVersion = 15.0.26124.0
MinimumVisualStudioVersion = 15.0.26124.0
Project("{2150E333-8FDC-42A3-9474-1A3956D46DE8}") = "Code", "Code", "{C739B541-58C4-4B4C-B65D-B7CC50DA8AFB}"
EndProject
Project("{FAE04EC0-301F-11D3-BF4B-00C04F79EFBC}") = "dotnetMysql.Api", "Code\dotnetMysql.Api\dotnetMysql.Api.csproj", "{C6DBA4A9-24A6-4153-B001-CA76BC6EEC42}"
EndProject
Project("{FAE04EC0-301F-11D3-BF4B-00C04F79EFBC}") = "dotnetMysql.Business", "Code\dotnetMysql.Business\dotnetMysql.Business.csproj", "{3BFC52FC-3967-4DE5-B293-46C635F83A4B}"
EndProject
Project("{FAE04EC0-301F-11D3-BF4B-00C04F79EFBC}") = "dotnetMysql.Data", "Code\dotnetMysql.Data\dotnetMysql.Data.csproj", "{472839B6-5C2A-41B8-B4E1-79DD2CEA7187}"
EndProject
Project("{FAE04EC0-301F-11D3-BF4B-00C04F79EFBC}") = "dotnetMysql.Entities", "Code\dotnetMysql.Entities\dotnetMysql.Entities.csproj", "{89F87CD0-84AB-492B-92E6-00A5EA323D1F}"
EndProject
Project("{FAE04EC0-301F-11D3-BF4B-00C04F79EFBC}") = "dotnetMysql.Test.Api", "Code\dotnetMysql.Test.Api\dotnetMysql.Test.Api.csproj", "{AEC2809C-C8C9-48C3-92C2-AACD91348826}"
EndProject
Project("{FAE04EC0-301F-11D3-BF4B-00C04F79EFBC}") = "dotnetMysql.Test.Business", "Code\dotnetMysql.Test.Business\dotnetMysql.Test.Business.csproj", "{18FE75CA-177A-400A-A094-E5C56674B80E}"
EndProject
Project("{FAE04EC0-301F-11D3-BF4B-00C04F79EFBC}") = "dotnetMysql.Test.Framework", "Code\dotnetMysql.Test.Framework\dotnetMysql.Test.Framework.csproj", "{38EE744F-6993-47FE-804B-5995962FC7C6}"
EndProject
Project("{2150E333-8FDC-42A3-9474-1A3956D46DE8}") = "Test", "Test", "{EC1DCAB7-1D43-4319-8BAD-38D618949EF5}"
EndProject
Global
	GlobalSection(SolutionConfigurationPlatforms) = preSolution
		Debug|Any CPU = Debug|Any CPU
		Debug|x64 = Debug|x64
		Debug|x86 = Debug|x86
		Release|Any CPU = Release|Any CPU
		Release|x64 = Release|x64
		Release|x86 = Release|x86
	EndGlobalSection
	GlobalSection(SolutionProperties) = preSolution
		HideSolutionNode = FALSE
	EndGlobalSection
	GlobalSection(ProjectConfigurationPlatforms) = postSolution
		{C6DBA4A9-24A6-4153-B001-CA76BC6EEC42}.Debug|Any CPU.ActiveCfg = Debug|Any CPU
		{C6DBA4A9-24A6-4153-B001-CA76BC6EEC42}.Debug|Any CPU.Build.0 = Debug|Any CPU
		{C6DBA4A9-24A6-4153-B001-CA76BC6EEC42}.Debug|x64.ActiveCfg = Debug|Any CPU
		{C6DBA4A9-24A6-4153-B001-CA76BC6EEC42}.Debug|x64.Build.0 = Debug|Any CPU
		{C6DBA4A9-24A6-4153-B001-CA76BC6EEC42}.Debug|x86.ActiveCfg = Debug|Any CPU
		{C6DBA4A9-24A6-4153-B001-CA76BC6EEC42}.Debug|x86.Build.0 = Debug|Any CPU
		{C6DBA4A9-24A6-4153-B001-CA76BC6EEC42}.Release|Any CPU.ActiveCfg = Release|Any CPU
		{C6DBA4A9-24A6-4153-B001-CA76BC6EEC42}.Release|Any CPU.Build.0 = Release|Any CPU
		{C6DBA4A9-24A6-4153-B001-CA76BC6EEC42}.Release|x64.ActiveCfg = Release|Any CPU
		{C6DBA4A9-24A6-4153-B001-CA76BC6EEC42}.Release|x64.Build.0 = Release|Any CPU
		{C6DBA4A9-24A6-4153-B001-CA76BC6EEC42}.Release|x86.ActiveCfg = Release|Any CPU
		{C6DBA4A9-24A6-4153-B001-CA76BC6EEC42}.Release|x86.Build.0 = Release|Any CPU
		{3BFC52FC-3967-4DE5-B293-46C635F83A4B}.Debug|Any CPU.ActiveCfg = Debug|Any CPU
		{3BFC52FC-3967-4DE5-B293-46C635F83A4B}.Debug|Any CPU.Build.0 = Debug|Any CPU
		{3BFC52FC-3967-4DE5-B293-46C635F83A4B}.Debug|x64.ActiveCfg = Debug|Any CPU
		{3BFC52FC-3967-4DE5-B293-46C635F83A4B}.Debug|x64.Build.0 = Debug|Any CPU
		{3BFC52FC-3967-4DE5-B293-46C635F83A4B}.Debug|x86.ActiveCfg = Debug|Any CPU
		{3BFC52FC-3967-4DE5-B293-46C635F83A4B}.Debug|x86.Build.0 = Debug|Any CPU
		{3BFC52FC-3967-4DE5-B293-46C635F83A4B}.Release|Any CPU.ActiveCfg = Release|Any CPU
		{3BFC52FC-3967-4DE5-B293-46C635F83A4B}.Release|Any CPU.Build.0 = Release|Any CPU
		{3BFC52FC-3967-4DE5-B293-46C635F83A4B}.Release|x64.ActiveCfg = Release|Any CPU
		{3BFC52FC-3967-4DE5-B293-46C635F83A4B}.Release|x64.Build.0 = Release|Any CPU
		{3BFC52FC-3967-4DE5-B293-46C635F83A4B}.Release|x86.ActiveCfg = Release|Any CPU
		{3BFC52FC-3967-4DE5-B293-46C635F83A4B}.Release|x86.Build.0 = Release|Any CPU
		{472839B6-5C2A-41B8-B4E1-79DD2CEA7187}.Debug|Any CPU.ActiveCfg = Debug|Any CPU
		{472839B6-5C2A-41B8-B4E1-79DD2CEA7187}.Debug|Any CPU.Build.0 = Debug|Any CPU
		{472839B6-5C2A-41B8-B4E1-79DD2CEA7187}.Debug|x64.ActiveCfg = Debug|Any CPU
		{472839B6-5C2A-41B8-B4E1-79DD2CEA7187}.Debug|x64.Build.0 = Debug|Any CPU
		{472839B6-5C2A-41B8-B4E1-79DD2CEA7187}.Debug|x86.ActiveCfg = Debug|Any CPU
		{472839B6-5C2A-41B8-B4E1-79DD2CEA7187}.Debug|x86.Build.0 = Debug|Any CPU
		{472839B6-5C2A-41B8-B4E1-79DD2CEA7187}.Release|Any CPU.ActiveCfg = Release|Any CPU
		{472839B6-5C2A-41B8-B4E1-79DD2CEA7187}.Release|Any CPU.Build.0 = Release|Any CPU
		{472839B6-5C2A-41B8-B4E1-79DD2CEA7187}.Release|x64.ActiveCfg = Release|Any CPU
		{472839B6-5C2A-41B8-B4E1-79DD2CEA7187}.Release|x64.Build.0 = Release|Any CPU
		{472839B6-5C2A-41B8-B4E1-79DD2CEA7187}.Release|x86.ActiveCfg = Release|Any CPU
		{472839B6-5C2A-41B8-B4E1-79DD2CEA7187}.Release|x86.Build.0 = Release|Any CPU
		{89F87CD0-84AB-492B-92E6-00A5EA323D1F}.Debug|Any CPU.ActiveCfg = Debug|Any CPU
		{89F87CD0-84AB-492B-92E6-00A5EA323D1F}.Debug|Any CPU.Build.0 = Debug|Any CPU
		{89F87CD0-84AB-492B-92E6-00A5EA323D1F}.Debug|x64.ActiveCfg = Debug|Any CPU
		{89F87CD0-84AB-492B-92E6-00A5EA323D1F}.Debug|x64.Build.0 = Debug|Any CPU
		{89F87CD0-84AB-492B-92E6-00A5EA323D1F}.Debug|x86.ActiveCfg = Debug|Any CPU
		{89F87CD0-84AB-492B-92E6-00A5EA323D1F}.Debug|x86.Build.0 = Debug|Any CPU
		{89F87CD0-84AB-492B-92E6-00A5EA323D1F}.Release|Any CPU.ActiveCfg = Release|Any CPU
		{89F87CD0-84AB-492B-92E6-00A5EA323D1F}.Release|Any CPU.Build.0 = Release|Any CPU
		{89F87CD0-84AB-492B-92E6-00A5EA323D1F}.Release|x64.ActiveCfg = Release|Any CPU
		{89F87CD0-84AB-492B-92E6-00A5EA323D1F}.Release|x64.Build.0 = Release|Any CPU
		{89F87CD0-84AB-492B-92E6-00A5EA323D1F}.Release|x86.ActiveCfg = Release|Any CPU
		{89F87CD0-84AB-492B-92E6-00A5EA323D1F}.Release|x86.Build.0 = Release|Any CPU
		{AEC2809C-C8C9-48C3-92C2-AACD91348826}.Debug|Any CPU.ActiveCfg = Debug|Any CPU
		{AEC2809C-C8C9-48C3-92C2-AACD91348826}.Debug|Any CPU.Build.0 = Debug|Any CPU
		{AEC2809C-C8C9-48C3-92C2-AACD91348826}.Debug|x64.ActiveCfg = Debug|Any CPU
		{AEC2809C-C8C9-48C3-92C2-AACD91348826}.Debug|x64.Build.0 = Debug|Any CPU
		{AEC2809C-C8C9-48C3-92C2-AACD91348826}.Debug|x86.ActiveCfg = Debug|Any CPU
		{AEC2809C-C8C9-48C3-92C2-AACD91348826}.Debug|x86.Build.0 = Debug|Any CPU
		{AEC2809C-C8C9-48C3-92C2-AACD91348826}.Release|Any CPU.ActiveCfg = Release|Any CPU
		{AEC2809C-C8C9-48C3-92C2-AACD91348826}.Release|Any CPU.Build.0 = Release|Any CPU
		{AEC2809C-C8C9-48C3-92C2-AACD91348826}.Release|x64.ActiveCfg = Release|Any CPU
		{AEC2809C-C8C9-48C3-92C2-AACD91348826}.Release|x64.Build.0 = Release|Any CPU
		{AEC2809C-C8C9-48C3-92C2-AACD91348826}.Release|x86.ActiveCfg = Release|Any CPU
		{AEC2809C-C8C9-48C3-92C2-AACD91348826}.Release|x86.Build.0 = Release|Any CPU
		{18FE75CA-177A-400A-A094-E5C56674B80E}.Debug|Any CPU.ActiveCfg = Debug|Any CPU
		{18FE75CA-177A-400A-A094-E5C56674B80E}.Debug|Any CPU.Build.0 = Debug|Any CPU
		{18FE75CA-177A-400A-A094-E5C56674B80E}.Debug|x64.ActiveCfg = Debug|Any CPU
		{18FE75CA-177A-400A-A094-E5C56674B80E}.Debug|x64.Build.0 = Debug|Any CPU
		{18FE75CA-177A-400A-A094-E5C56674B80E}.Debug|x86.ActiveCfg = Debug|Any CPU
		{18FE75CA-177A-400A-A094-E5C56674B80E}.Debug|x86.Build.0 = Debug|Any CPU
		{18FE75CA-177A-400A-A094-E5C56674B80E}.Release|Any CPU.ActiveCfg = Release|Any CPU
		{18FE75CA-177A-400A-A094-E5C56674B80E}.Release|Any CPU.Build.0 = Release|Any CPU
		{18FE75CA-177A-400A-A094-E5C56674B80E}.Release|x64.ActiveCfg = Release|Any CPU
		{18FE75CA-177A-400A-A094-E5C56674B80E}.Release|x64.Build.0 = Release|Any CPU
		{18FE75CA-177A-400A-A094-E5C56674B80E}.Release|x86.ActiveCfg = Release|Any CPU
		{18FE75CA-177A-400A-A094-E5C56674B80E}.Release|x86.Build.0 = Release|Any CPU
		{38EE744F-6993-47FE-804B-5995962FC7C6}.Debug|Any CPU.ActiveCfg = Debug|Any CPU
		{38EE744F-6993-47FE-804B-5995962FC7C6}.Debug|Any CPU.Build.0 = Debug|Any CPU
		{38EE744F-6993-47FE-804B-5995962FC7C6}.Debug|x64.ActiveCfg = Debug|Any CPU
		{38EE744F-6993-47FE-804B-5995962FC7C6}.Debug|x64.Build.0 = Debug|Any CPU
		{38EE744F-6993-47FE-804B-5995962FC7C6}.Debug|x86.ActiveCfg = Debug|Any CPU
		{38EE744F-6993-47FE-804B-5995962FC7C6}.Debug|x86.Build.0 = Debug|Any CPU
		{38EE744F-6993-47FE-804B-5995962FC7C6}.Release|Any CPU.ActiveCfg = Release|Any CPU
		{38EE744F-6993-47FE-804B-5995962FC7C6}.Release|Any CPU.Build.0 = Release|Any CPU
		{38EE744F-6993-47FE-804B-5995962FC7C6}.Release|x64.ActiveCfg = Release|Any CPU
		{38EE744F-6993-47FE-804B-5995962FC7C6}.Release|x64.Build.0 = Release|Any CPU
		{38EE744F-6993-47FE-804B-5995962FC7C6}.Release|x86.ActiveCfg = Release|Any CPU
		{38EE744F-6993-47FE-804B-5995962FC7C6}.Release|x86.Build.0 = Release|Any CPU
	EndGlobalSection
	GlobalSection(NestedProjects) = preSolution
		{C6DBA4A9-24A6-4153-B001-CA76BC6EEC42} = {C739B541-58C4-4B4C-B65D-B7CC50DA8AFB}
		{3BFC52FC-3967-4DE5-B293-46C635F83A4B} = {C739B541-58C4-4B4C-B65D-B7CC50DA8AFB}
		{472839B6-5C2A-41B8-B4E1-79DD2CEA7187} = {C739B541-58C4-4B4C-B65D-B7CC50DA8AFB}
		{89F87CD0-84AB-492B-92E6-00A5EA323D1F} = {C739B541-58C4-4B4C-B65D-B7CC50DA8AFB}
		{AEC2809C-C8C9-48C3-92C2-AACD91348826} = {EC1DCAB7-1D43-4319-8BAD-38D618949EF5}
		{18FE75CA-177A-400A-A094-E5C56674B80E} = {EC1DCAB7-1D43-4319-8BAD-38D618949EF5}
		{38EE744F-6993-47FE-804B-5995962FC7C6} = {EC1DCAB7-1D43-4319-8BAD-38D618949EF5}
	EndGlobalSection
EndGlobal
